
Microsoft Visual Studio Solution File, Format Version 12.00
# Visual Studio Version 17
VisualStudioVersion = 17.4.33403.182
MinimumVisualStudioVersion = 10.0.40219.1
Project("{FAE04EC0-301F-11D3-BF4B-00C04F79EFBC}") = "VariableExercise", "VariableExercise\VariableExercise.csproj", "{DE4275AB-ADA8-4FE6-B2A0-7C0D1328C33C}"
EndProject
Global
	GlobalSection(SolutionConfigurationPlatforms) = preSolution
		Debug|Any CPU = Debug|Any CPU
		Release|Any CPU = Release|Any CPU
	EndGlobalSection
	GlobalSection(ProjectConfigurationPlatforms) = postSolution
		{DE4275AB-ADA8-4FE6-B2A0-7C0D1328C33C}.Debug|Any CPU.ActiveCfg = Debug|Any CPU
		{DE4275AB-ADA8-4FE6-B2A0-7C0D1328C33C}.Debug|Any CPU.Build.0 = Debug|Any CPU
		{DE4275AB-ADA8-4FE6-B2A0-7C0D1328C33C}.Release|Any CPU.ActiveCfg = Release|Any CPU
		{DE4275AB-ADA8-4FE6-B2A0-7C0D1328C33C}.Release|Any CPU.Build.0 = Release|Any CPU
	EndGlobalSection
	GlobalSection(SolutionProperties) = preSolution
		HideSolutionNode = FALSE
	EndGlobalSection
	GlobalSection(ExtensibilityGlobals) = postSolution
		SolutionGuid = {9AB5CC76-616C-4DAB-9F64-7D9E863BDA2D}
	EndGlobalSection
EndGlobal
